// !$*UTF8*$!
{
	archiveVersion = 1;
	classes = {
	};
	objectVersion = 46;
	objects = {

/* Begin PBXBuildFile section */
		0C6F9E311EE14A7B005D31A0 /* JMChooseCountryViewController.m in Sources */ = {isa = PBXBuildFile; fileRef = 0C6F9E301EE14A7B005D31A0 /* JMChooseCountryViewController.m */; };
		0C6F9E361EE14E84005D31A0 /* CountryCell.m in Sources */ = {isa = PBXBuildFile; fileRef = 0C6F9E351EE14E84005D31A0 /* CountryCell.m */; };
		0CE2FB481EE190E50031C0E6 /* JMRegistrationViewController.m in Sources */ = {isa = PBXBuildFile; fileRef = 0CE2FB471EE190E50031C0E6 /* JMRegistrationViewController.m */; };
		B07ABAC11EE527050011DD57 /* Temp.storyboard in Resources */ = {isa = PBXBuildFile; fileRef = B07ABAC01EE527050011DD57 /* Temp.storyboard */; };
		B07ABAC41EE540B90011DD57 /* JMLanguageViewController.m in Sources */ = {isa = PBXBuildFile; fileRef = B07ABAC31EE540B90011DD57 /* JMLanguageViewController.m */; };
		B07ABAC71EE540F90011DD57 /* JMLoginViewController.m in Sources */ = {isa = PBXBuildFile; fileRef = B07ABAC61EE540F90011DD57 /* JMLoginViewController.m */; };
		B07ABACB1EE570C60011DD57 /* FBSDKCoreKit.framework in Frameworks */ = {isa = PBXBuildFile; fileRef = B07ABAC81EE570C60011DD57 /* FBSDKCoreKit.framework */; };
		B07ABACC1EE570C60011DD57 /* FBSDKLoginKit.framework in Frameworks */ = {isa = PBXBuildFile; fileRef = B07ABAC91EE570C60011DD57 /* FBSDKLoginKit.framework */; };
		B07ABACD1EE570C60011DD57 /* FBSDKShareKit.framework in Frameworks */ = {isa = PBXBuildFile; fileRef = B07ABACA1EE570C60011DD57 /* FBSDKShareKit.framework */; };
		B07ABACF1EE571280011DD57 /* Bolts.framework in Frameworks */ = {isa = PBXBuildFile; fileRef = B07ABACE1EE571280011DD57 /* Bolts.framework */; };
		B07ABAD51EE58E4E0011DD57 /* GoogleAppUtilities.framework in Frameworks */ = {isa = PBXBuildFile; fileRef = B07ABAD01EE58E4E0011DD57 /* GoogleAppUtilities.framework */; };
		B07ABAD61EE58E4E0011DD57 /* GoogleSignIn.bundle in Resources */ = {isa = PBXBuildFile; fileRef = B07ABAD11EE58E4E0011DD57 /* GoogleSignIn.bundle */; };
		B07ABAD71EE58E4E0011DD57 /* GoogleSignIn.framework in Frameworks */ = {isa = PBXBuildFile; fileRef = B07ABAD21EE58E4E0011DD57 /* GoogleSignIn.framework */; };
		B07ABAD81EE58E4E0011DD57 /* GoogleSignInDependencies.framework in Frameworks */ = {isa = PBXBuildFile; fileRef = B07ABAD31EE58E4E0011DD57 /* GoogleSignInDependencies.framework */; };
		B07ABAD91EE58E4E0011DD57 /* GoogleSymbolUtilities.framework in Frameworks */ = {isa = PBXBuildFile; fileRef = B07ABAD41EE58E4E0011DD57 /* GoogleSymbolUtilities.framework */; };
		B07ABADC1EE58E740011DD57 /* SafariServices.framework in Frameworks */ = {isa = PBXBuildFile; fileRef = B07ABADB1EE58E740011DD57 /* SafariServices.framework */; };
		B07ABADE1EE58E790011DD57 /* SystemConfiguration.framework in Frameworks */ = {isa = PBXBuildFile; fileRef = B07ABADD1EE58E790011DD57 /* SystemConfiguration.framework */; };
		B07ABAE01EE590580011DD57 /* GoogleService-Info.plist in Resources */ = {isa = PBXBuildFile; fileRef = B07ABADF1EE590580011DD57 /* GoogleService-Info.plist */; };
		B0A32B401EE1292F0044D443 /* main.m in Sources */ = {isa = PBXBuildFile; fileRef = B0A32B3F1EE1292F0044D443 /* main.m */; };
		B0A32B431EE1292F0044D443 /* AppDelegate.m in Sources */ = {isa = PBXBuildFile; fileRef = B0A32B421EE1292F0044D443 /* AppDelegate.m */; };
		B0A32B491EE129300044D443 /* Main.storyboard in Resources */ = {isa = PBXBuildFile; fileRef = B0A32B471EE129300044D443 /* Main.storyboard */; };
		B0A32B4C1EE129300044D443 /* JokeMaster.xcdatamodeld in Sources */ = {isa = PBXBuildFile; fileRef = B0A32B4A1EE129300044D443 /* JokeMaster.xcdatamodeld */; };
		B0A32B4E1EE129300044D443 /* Assets.xcassets in Resources */ = {isa = PBXBuildFile; fileRef = B0A32B4D1EE129300044D443 /* Assets.xcassets */; };
		B0A32B511EE129300044D443 /* LaunchScreen.storyboard in Resources */ = {isa = PBXBuildFile; fileRef = B0A32B4F1EE129300044D443 /* LaunchScreen.storyboard */; };
		B0A32B5C1EE129300044D443 /* JokeMasterTests.m in Sources */ = {isa = PBXBuildFile; fileRef = B0A32B5B1EE129300044D443 /* JokeMasterTests.m */; };
		B0A32B671EE129300044D443 /* JokeMasterUITests.m in Sources */ = {isa = PBXBuildFile; fileRef = B0A32B661EE129300044D443 /* JokeMasterUITests.m */; };
		B0A32B761EE12DC20044D443 /* comicbd_1.ttf in Resources */ = {isa = PBXBuildFile; fileRef = B0A32B741EE12BD50044D443 /* comicbd_1.ttf */; };
		B0A32B7C1EE12E4E0044D443 /* JMGlobalMethods.m in Sources */ = {isa = PBXBuildFile; fileRef = B0A32B7B1EE12E4E0044D443 /* JMGlobalMethods.m */; };
		B0A32B801EE12F0C0044D443 /* JMSplashViewController.m in Sources */ = {isa = PBXBuildFile; fileRef = B0A32B7F1EE12F0C0044D443 /* JMSplashViewController.m */; };
		B0A32B8D1EE131680044D443 /* SVIndefiniteAnimatedView.m in Sources */ = {isa = PBXBuildFile; fileRef = B0A32B841EE131680044D443 /* SVIndefiniteAnimatedView.m */; };
		B0A32B8E1EE131680044D443 /* SVProgressAnimatedView.m in Sources */ = {isa = PBXBuildFile; fileRef = B0A32B861EE131680044D443 /* SVProgressAnimatedView.m */; };
		B0A32B8F1EE131680044D443 /* SVProgressHUD.bundle in Resources */ = {isa = PBXBuildFile; fileRef = B0A32B881EE131680044D443 /* SVProgressHUD.bundle */; };
		B0A32B901EE131680044D443 /* SVProgressHUD.m in Sources */ = {isa = PBXBuildFile; fileRef = B0A32B8A1EE131680044D443 /* SVProgressHUD.m */; };
		B0A32B911EE131680044D443 /* SVRadialGradientLayer.m in Sources */ = {isa = PBXBuildFile; fileRef = B0A32B8C1EE131680044D443 /* SVRadialGradientLayer.m */; };
/* End PBXBuildFile section */

/* Begin PBXContainerItemProxy section */
		B0A32B581EE129300044D443 /* PBXContainerItemProxy */ = {
			isa = PBXContainerItemProxy;
			containerPortal = B0A32B331EE1292F0044D443 /* Project object */;
			proxyType = 1;
			remoteGlobalIDString = B0A32B3A1EE1292F0044D443;
			remoteInfo = JokeMaster;
		};
		B0A32B631EE129300044D443 /* PBXContainerItemProxy */ = {
			isa = PBXContainerItemProxy;
			containerPortal = B0A32B331EE1292F0044D443 /* Project object */;
			proxyType = 1;
			remoteGlobalIDString = B0A32B3A1EE1292F0044D443;
			remoteInfo = JokeMaster;
		};
/* End PBXContainerItemProxy section */

/* Begin PBXFileReference section */
		0C6F9E2F1EE14A7B005D31A0 /* JMChooseCountryViewController.h */ = {isa = PBXFileReference; fileEncoding = 4; lastKnownFileType = sourcecode.c.h; path = JMChooseCountryViewController.h; sourceTree = "<group>"; };
		0C6F9E301EE14A7B005D31A0 /* JMChooseCountryViewController.m */ = {isa = PBXFileReference; fileEncoding = 4; lastKnownFileType = sourcecode.c.objc; path = JMChooseCountryViewController.m; sourceTree = "<group>"; };
		0C6F9E341EE14E84005D31A0 /* CountryCell.h */ = {isa = PBXFileReference; fileEncoding = 4; lastKnownFileType = sourcecode.c.h; path = CountryCell.h; sourceTree = "<group>"; };
		0C6F9E351EE14E84005D31A0 /* CountryCell.m */ = {isa = PBXFileReference; fileEncoding = 4; lastKnownFileType = sourcecode.c.objc; path = CountryCell.m; sourceTree = "<group>"; };
		0CE2FB461EE190E50031C0E6 /* JMRegistrationViewController.h */ = {isa = PBXFileReference; fileEncoding = 4; lastKnownFileType = sourcecode.c.h; path = JMRegistrationViewController.h; sourceTree = "<group>"; };
		0CE2FB471EE190E50031C0E6 /* JMRegistrationViewController.m */ = {isa = PBXFileReference; fileEncoding = 4; lastKnownFileType = sourcecode.c.objc; path = JMRegistrationViewController.m; sourceTree = "<group>"; };
		B07ABAC01EE527050011DD57 /* Temp.storyboard */ = {isa = PBXFileReference; fileEncoding = 4; lastKnownFileType = file.storyboard; path = Temp.storyboard; sourceTree = "<group>"; };
		B07ABAC21EE540B90011DD57 /* JMLanguageViewController.h */ = {isa = PBXFileReference; fileEncoding = 4; lastKnownFileType = sourcecode.c.h; path = JMLanguageViewController.h; sourceTree = "<group>"; };
		B07ABAC31EE540B90011DD57 /* JMLanguageViewController.m */ = {isa = PBXFileReference; fileEncoding = 4; lastKnownFileType = sourcecode.c.objc; path = JMLanguageViewController.m; sourceTree = "<group>"; };
		B07ABAC51EE540F90011DD57 /* JMLoginViewController.h */ = {isa = PBXFileReference; fileEncoding = 4; lastKnownFileType = sourcecode.c.h; path = JMLoginViewController.h; sourceTree = "<group>"; };
		B07ABAC61EE540F90011DD57 /* JMLoginViewController.m */ = {isa = PBXFileReference; fileEncoding = 4; lastKnownFileType = sourcecode.c.objc; path = JMLoginViewController.m; sourceTree = "<group>"; };
		B07ABAC81EE570C60011DD57 /* FBSDKCoreKit.framework */ = {isa = PBXFileReference; lastKnownFileType = wrapper.framework; path = FBSDKCoreKit.framework; sourceTree = "<group>"; };
		B07ABAC91EE570C60011DD57 /* FBSDKLoginKit.framework */ = {isa = PBXFileReference; lastKnownFileType = wrapper.framework; path = FBSDKLoginKit.framework; sourceTree = "<group>"; };
		B07ABACA1EE570C60011DD57 /* FBSDKShareKit.framework */ = {isa = PBXFileReference; lastKnownFileType = wrapper.framework; path = FBSDKShareKit.framework; sourceTree = "<group>"; };
		B07ABACE1EE571280011DD57 /* Bolts.framework */ = {isa = PBXFileReference; lastKnownFileType = wrapper.framework; path = Bolts.framework; sourceTree = "<group>"; };
		B07ABAD01EE58E4E0011DD57 /* GoogleAppUtilities.framework */ = {isa = PBXFileReference; lastKnownFileType = wrapper.framework; path = GoogleAppUtilities.framework; sourceTree = "<group>"; };
		B07ABAD11EE58E4E0011DD57 /* GoogleSignIn.bundle */ = {isa = PBXFileReference; lastKnownFileType = "wrapper.plug-in"; path = GoogleSignIn.bundle; sourceTree = "<group>"; };
		B07ABAD21EE58E4E0011DD57 /* GoogleSignIn.framework */ = {isa = PBXFileReference; lastKnownFileType = wrapper.framework; path = GoogleSignIn.framework; sourceTree = "<group>"; };
		B07ABAD31EE58E4E0011DD57 /* GoogleSignInDependencies.framework */ = {isa = PBXFileReference; lastKnownFileType = wrapper.framework; path = GoogleSignInDependencies.framework; sourceTree = "<group>"; };
		B07ABAD41EE58E4E0011DD57 /* GoogleSymbolUtilities.framework */ = {isa = PBXFileReference; lastKnownFileType = wrapper.framework; path = GoogleSymbolUtilities.framework; sourceTree = "<group>"; };
		B07ABADB1EE58E740011DD57 /* SafariServices.framework */ = {isa = PBXFileReference; lastKnownFileType = wrapper.framework; name = SafariServices.framework; path = System/Library/Frameworks/SafariServices.framework; sourceTree = SDKROOT; };
		B07ABADD1EE58E790011DD57 /* SystemConfiguration.framework */ = {isa = PBXFileReference; lastKnownFileType = wrapper.framework; name = SystemConfiguration.framework; path = System/Library/Frameworks/SystemConfiguration.framework; sourceTree = SDKROOT; };
		B07ABADF1EE590580011DD57 /* GoogleService-Info.plist */ = {isa = PBXFileReference; fileEncoding = 4; lastKnownFileType = text.plist.xml; path = "GoogleService-Info.plist"; sourceTree = "<group>"; };
		B0A32B3B1EE1292F0044D443 /* JokeMaster.app */ = {isa = PBXFileReference; explicitFileType = wrapper.application; includeInIndex = 0; path = JokeMaster.app; sourceTree = BUILT_PRODUCTS_DIR; };
		B0A32B3F1EE1292F0044D443 /* main.m */ = {isa = PBXFileReference; lastKnownFileType = sourcecode.c.objc; path = main.m; sourceTree = "<group>"; };
		B0A32B411EE1292F0044D443 /* AppDelegate.h */ = {isa = PBXFileReference; lastKnownFileType = sourcecode.c.h; path = AppDelegate.h; sourceTree = "<group>"; };
		B0A32B421EE1292F0044D443 /* AppDelegate.m */ = {isa = PBXFileReference; lastKnownFileType = sourcecode.c.objc; path = AppDelegate.m; sourceTree = "<group>"; };
		B0A32B481EE129300044D443 /* Base */ = {isa = PBXFileReference; lastKnownFileType = file.storyboard; name = Base; path = Base.lproj/Main.storyboard; sourceTree = "<group>"; };
		B0A32B4B1EE129300044D443 /* JokeMaster.xcdatamodel */ = {isa = PBXFileReference; lastKnownFileType = wrapper.xcdatamodel; path = JokeMaster.xcdatamodel; sourceTree = "<group>"; };
		B0A32B4D1EE129300044D443 /* Assets.xcassets */ = {isa = PBXFileReference; lastKnownFileType = folder.assetcatalog; path = Assets.xcassets; sourceTree = "<group>"; };
		B0A32B501EE129300044D443 /* Base */ = {isa = PBXFileReference; lastKnownFileType = file.storyboard; name = Base; path = Base.lproj/LaunchScreen.storyboard; sourceTree = "<group>"; };
		B0A32B521EE129300044D443 /* Info.plist */ = {isa = PBXFileReference; lastKnownFileType = text.plist.xml; path = Info.plist; sourceTree = "<group>"; };
		B0A32B571EE129300044D443 /* JokeMasterTests.xctest */ = {isa = PBXFileReference; explicitFileType = wrapper.cfbundle; includeInIndex = 0; path = JokeMasterTests.xctest; sourceTree = BUILT_PRODUCTS_DIR; };
		B0A32B5B1EE129300044D443 /* JokeMasterTests.m */ = {isa = PBXFileReference; lastKnownFileType = sourcecode.c.objc; path = JokeMasterTests.m; sourceTree = "<group>"; };
		B0A32B5D1EE129300044D443 /* Info.plist */ = {isa = PBXFileReference; lastKnownFileType = text.plist.xml; path = Info.plist; sourceTree = "<group>"; };
		B0A32B621EE129300044D443 /* JokeMasterUITests.xctest */ = {isa = PBXFileReference; explicitFileType = wrapper.cfbundle; includeInIndex = 0; path = JokeMasterUITests.xctest; sourceTree = BUILT_PRODUCTS_DIR; };
		B0A32B661EE129300044D443 /* JokeMasterUITests.m */ = {isa = PBXFileReference; lastKnownFileType = sourcecode.c.objc; path = JokeMasterUITests.m; sourceTree = "<group>"; };
		B0A32B681EE129300044D443 /* Info.plist */ = {isa = PBXFileReference; lastKnownFileType = text.plist.xml; path = Info.plist; sourceTree = "<group>"; };
		B0A32B741EE12BD50044D443 /* comicbd_1.ttf */ = {isa = PBXFileReference; lastKnownFileType = file; path = comicbd_1.ttf; sourceTree = "<group>"; };
		B0A32B791EE12E190044D443 /* JMGlobalHeader.h */ = {isa = PBXFileReference; lastKnownFileType = sourcecode.c.h; path = JMGlobalHeader.h; sourceTree = "<group>"; };
		B0A32B7A1EE12E4E0044D443 /* JMGlobalMethods.h */ = {isa = PBXFileReference; fileEncoding = 4; lastKnownFileType = sourcecode.c.h; path = JMGlobalMethods.h; sourceTree = "<group>"; };
		B0A32B7B1EE12E4E0044D443 /* JMGlobalMethods.m */ = {isa = PBXFileReference; fileEncoding = 4; lastKnownFileType = sourcecode.c.objc; path = JMGlobalMethods.m; sourceTree = "<group>"; };
		B0A32B7E1EE12F0C0044D443 /* JMSplashViewController.h */ = {isa = PBXFileReference; fileEncoding = 4; lastKnownFileType = sourcecode.c.h; path = JMSplashViewController.h; sourceTree = "<group>"; };
		B0A32B7F1EE12F0C0044D443 /* JMSplashViewController.m */ = {isa = PBXFileReference; fileEncoding = 4; lastKnownFileType = sourcecode.c.objc; path = JMSplashViewController.m; sourceTree = "<group>"; };
		B0A32B831EE131680044D443 /* SVIndefiniteAnimatedView.h */ = {isa = PBXFileReference; fileEncoding = 4; lastKnownFileType = sourcecode.c.h; path = SVIndefiniteAnimatedView.h; sourceTree = "<group>"; };
		B0A32B841EE131680044D443 /* SVIndefiniteAnimatedView.m */ = {isa = PBXFileReference; fileEncoding = 4; lastKnownFileType = sourcecode.c.objc; path = SVIndefiniteAnimatedView.m; sourceTree = "<group>"; };
		B0A32B851EE131680044D443 /* SVProgressAnimatedView.h */ = {isa = PBXFileReference; fileEncoding = 4; lastKnownFileType = sourcecode.c.h; path = SVProgressAnimatedView.h; sourceTree = "<group>"; };
		B0A32B861EE131680044D443 /* SVProgressAnimatedView.m */ = {isa = PBXFileReference; fileEncoding = 4; lastKnownFileType = sourcecode.c.objc; path = SVProgressAnimatedView.m; sourceTree = "<group>"; };
		B0A32B871EE131680044D443 /* SVProgressHUD-Prefix.pch */ = {isa = PBXFileReference; fileEncoding = 4; lastKnownFileType = sourcecode.c.h; path = "SVProgressHUD-Prefix.pch"; sourceTree = "<group>"; };
		B0A32B881EE131680044D443 /* SVProgressHUD.bundle */ = {isa = PBXFileReference; lastKnownFileType = "wrapper.plug-in"; path = SVProgressHUD.bundle; sourceTree = "<group>"; };
		B0A32B891EE131680044D443 /* SVProgressHUD.h */ = {isa = PBXFileReference; fileEncoding = 4; lastKnownFileType = sourcecode.c.h; path = SVProgressHUD.h; sourceTree = "<group>"; };
		B0A32B8A1EE131680044D443 /* SVProgressHUD.m */ = {isa = PBXFileReference; fileEncoding = 4; lastKnownFileType = sourcecode.c.objc; path = SVProgressHUD.m; sourceTree = "<group>"; };
		B0A32B8B1EE131680044D443 /* SVRadialGradientLayer.h */ = {isa = PBXFileReference; fileEncoding = 4; lastKnownFileType = sourcecode.c.h; path = SVRadialGradientLayer.h; sourceTree = "<group>"; };
		B0A32B8C1EE131680044D443 /* SVRadialGradientLayer.m */ = {isa = PBXFileReference; fileEncoding = 4; lastKnownFileType = sourcecode.c.objc; path = SVRadialGradientLayer.m; sourceTree = "<group>"; };
/* End PBXFileReference section */

/* Begin PBXFrameworksBuildPhase section */
		B0A32B381EE1292F0044D443 /* Frameworks */ = {
			isa = PBXFrameworksBuildPhase;
			buildActionMask = 2147483647;
			files = (
				B07ABADE1EE58E790011DD57 /* SystemConfiguration.framework in Frameworks */,
				B07ABADC1EE58E740011DD57 /* SafariServices.framework in Frameworks */,
				B07ABACC1EE570C60011DD57 /* FBSDKLoginKit.framework in Frameworks */,
				B07ABAD81EE58E4E0011DD57 /* GoogleSignInDependencies.framework in Frameworks */,
				B07ABAD91EE58E4E0011DD57 /* GoogleSymbolUtilities.framework in Frameworks */,
				B07ABAD71EE58E4E0011DD57 /* GoogleSignIn.framework in Frameworks */,
				B07ABAD51EE58E4E0011DD57 /* GoogleAppUtilities.framework in Frameworks */,
				B07ABACB1EE570C60011DD57 /* FBSDKCoreKit.framework in Frameworks */,
				B07ABACD1EE570C60011DD57 /* FBSDKShareKit.framework in Frameworks */,
				B07ABACF1EE571280011DD57 /* Bolts.framework in Frameworks */,
			);
			runOnlyForDeploymentPostprocessing = 0;
		};
		B0A32B541EE129300044D443 /* Frameworks */ = {
			isa = PBXFrameworksBuildPhase;
			buildActionMask = 2147483647;
			files = (
			);
			runOnlyForDeploymentPostprocessing = 0;
		};
		B0A32B5F1EE129300044D443 /* Frameworks */ = {
			isa = PBXFrameworksBuildPhase;
			buildActionMask = 2147483647;
			files = (
			);
			runOnlyForDeploymentPostprocessing = 0;
		};
/* End PBXFrameworksBuildPhase section */

/* Begin PBXGroup section */
		0C6F9E321EE14E44005D31A0 /* Views */ = {
			isa = PBXGroup;
			children = (
				0C6F9E331EE14E50005D31A0 /* Cell */,
			);
			name = Views;
			sourceTree = "<group>";
		};
		0C6F9E331EE14E50005D31A0 /* Cell */ = {
			isa = PBXGroup;
			children = (
				0C6F9E341EE14E84005D31A0 /* CountryCell.h */,
				0C6F9E351EE14E84005D31A0 /* CountryCell.m */,
			);
			name = Cell;
			sourceTree = "<group>";
		};
		B07ABADA1EE58E740011DD57 /* Frameworks */ = {
			isa = PBXGroup;
			children = (
				B07ABADD1EE58E790011DD57 /* SystemConfiguration.framework */,
				B07ABADB1EE58E740011DD57 /* SafariServices.framework */,
			);
			name = Frameworks;
			sourceTree = "<group>";
		};
		B0A32B321EE1292F0044D443 = {
			isa = PBXGroup;
			children = (
				B0A32B3D1EE1292F0044D443 /* JokeMaster */,
				B0A32B5A1EE129300044D443 /* JokeMasterTests */,
				B0A32B651EE129300044D443 /* JokeMasterUITests */,
				B0A32B3C1EE1292F0044D443 /* Products */,
				B07ABADA1EE58E740011DD57 /* Frameworks */,
			);
			sourceTree = "<group>";
		};
		B0A32B3C1EE1292F0044D443 /* Products */ = {
			isa = PBXGroup;
			children = (
				B0A32B3B1EE1292F0044D443 /* JokeMaster.app */,
				B0A32B571EE129300044D443 /* JokeMasterTests.xctest */,
				B0A32B621EE129300044D443 /* JokeMasterUITests.xctest */,
			);
			name = Products;
			sourceTree = "<group>";
		};
		B0A32B3D1EE1292F0044D443 /* JokeMaster */ = {
			isa = PBXGroup;
			children = (
				0C6F9E321EE14E44005D31A0 /* Views */,
				B0A32B811EE1313F0044D443 /* Frameworks */,
				B0A32B7D1EE12E750044D443 /* ViewControllers */,
				B0A32B781EE12DE60044D443 /* JMGlobalMethods */,
				B0A32B771EE12DD60044D443 /* JMGlobalHeader */,
				B0A32B751EE12C110044D443 /* Fonts */,
				B0A32B411EE1292F0044D443 /* AppDelegate.h */,
				B0A32B421EE1292F0044D443 /* AppDelegate.m */,
				B0A32B471EE129300044D443 /* Main.storyboard */,
				B0A32B4D1EE129300044D443 /* Assets.xcassets */,
				B0A32B4F1EE129300044D443 /* LaunchScreen.storyboard */,
				B07ABADF1EE590580011DD57 /* GoogleService-Info.plist */,
				B0A32B521EE129300044D443 /* Info.plist */,
				B0A32B4A1EE129300044D443 /* JokeMaster.xcdatamodeld */,
				B0A32B3E1EE1292F0044D443 /* Supporting Files */,
				B07ABAC01EE527050011DD57 /* Temp.storyboard */,
			);
			path = JokeMaster;
			sourceTree = "<group>";
		};
		B0A32B3E1EE1292F0044D443 /* Supporting Files */ = {
			isa = PBXGroup;
			children = (
				B0A32B3F1EE1292F0044D443 /* main.m */,
			);
			name = "Supporting Files";
			sourceTree = "<group>";
		};
		B0A32B5A1EE129300044D443 /* JokeMasterTests */ = {
			isa = PBXGroup;
			children = (
				B0A32B5B1EE129300044D443 /* JokeMasterTests.m */,
				B0A32B5D1EE129300044D443 /* Info.plist */,
			);
			path = JokeMasterTests;
			sourceTree = "<group>";
		};
		B0A32B651EE129300044D443 /* JokeMasterUITests */ = {
			isa = PBXGroup;
			children = (
				B0A32B661EE129300044D443 /* JokeMasterUITests.m */,
				B0A32B681EE129300044D443 /* Info.plist */,
			);
			path = JokeMasterUITests;
			sourceTree = "<group>";
		};
		B0A32B751EE12C110044D443 /* Fonts */ = {
			isa = PBXGroup;
			children = (
				B0A32B741EE12BD50044D443 /* comicbd_1.ttf */,
			);
			name = Fonts;
			sourceTree = "<group>";
		};
		B0A32B771EE12DD60044D443 /* JMGlobalHeader */ = {
			isa = PBXGroup;
			children = (
				B0A32B791EE12E190044D443 /* JMGlobalHeader.h */,
			);
			name = JMGlobalHeader;
			sourceTree = "<group>";
		};
		B0A32B781EE12DE60044D443 /* JMGlobalMethods */ = {
			isa = PBXGroup;
			children = (
				B0A32B7A1EE12E4E0044D443 /* JMGlobalMethods.h */,
				B0A32B7B1EE12E4E0044D443 /* JMGlobalMethods.m */,
			);
			name = JMGlobalMethods;
			sourceTree = "<group>";
		};
		B0A32B7D1EE12E750044D443 /* ViewControllers */ = {
			isa = PBXGroup;
			children = (
				0C6F9E2F1EE14A7B005D31A0 /* JMChooseCountryViewController.h */,
				0C6F9E301EE14A7B005D31A0 /* JMChooseCountryViewController.m */,
				B0A32B7E1EE12F0C0044D443 /* JMSplashViewController.h */,
				B0A32B7F1EE12F0C0044D443 /* JMSplashViewController.m */,
				0CE2FB461EE190E50031C0E6 /* JMRegistrationViewController.h */,
				0CE2FB471EE190E50031C0E6 /* JMRegistrationViewController.m */,
				B07ABAC21EE540B90011DD57 /* JMLanguageViewController.h */,
				B07ABAC31EE540B90011DD57 /* JMLanguageViewController.m */,
				B07ABAC51EE540F90011DD57 /* JMLoginViewController.h */,
				B07ABAC61EE540F90011DD57 /* JMLoginViewController.m */,
			);
			name = ViewControllers;
			sourceTree = "<group>";
		};
		B0A32B811EE1313F0044D443 /* Frameworks */ = {
			isa = PBXGroup;
			children = (
				B07ABAD01EE58E4E0011DD57 /* GoogleAppUtilities.framework */,
				B07ABAD11EE58E4E0011DD57 /* GoogleSignIn.bundle */,
				B07ABAD21EE58E4E0011DD57 /* GoogleSignIn.framework */,
				B07ABAD31EE58E4E0011DD57 /* GoogleSignInDependencies.framework */,
				B07ABAD41EE58E4E0011DD57 /* GoogleSymbolUtilities.framework */,
				B07ABAC81EE570C60011DD57 /* FBSDKCoreKit.framework */,
				B07ABACE1EE571280011DD57 /* Bolts.framework */,
				B07ABAC91EE570C60011DD57 /* FBSDKLoginKit.framework */,
				B07ABACA1EE570C60011DD57 /* FBSDKShareKit.framework */,
				B0A32B821EE131570044D443 /* SVProgressHUD */,
			);
			name = Frameworks;
			sourceTree = "<group>";
		};
		B0A32B821EE131570044D443 /* SVProgressHUD */ = {
			isa = PBXGroup;
			children = (
				B0A32B831EE131680044D443 /* SVIndefiniteAnimatedView.h */,
				B0A32B841EE131680044D443 /* SVIndefiniteAnimatedView.m */,
				B0A32B851EE131680044D443 /* SVProgressAnimatedView.h */,
				B0A32B861EE131680044D443 /* SVProgressAnimatedView.m */,
				B0A32B871EE131680044D443 /* SVProgressHUD-Prefix.pch */,
				B0A32B881EE131680044D443 /* SVProgressHUD.bundle */,
				B0A32B891EE131680044D443 /* SVProgressHUD.h */,
				B0A32B8A1EE131680044D443 /* SVProgressHUD.m */,
				B0A32B8B1EE131680044D443 /* SVRadialGradientLayer.h */,
				B0A32B8C1EE131680044D443 /* SVRadialGradientLayer.m */,
			);
			name = SVProgressHUD;
			sourceTree = "<group>";
		};
/* End PBXGroup section */

/* Begin PBXNativeTarget section */
		B0A32B3A1EE1292F0044D443 /* JokeMaster */ = {
			isa = PBXNativeTarget;
			buildConfigurationList = B0A32B6B1EE129300044D443 /* Build configuration list for PBXNativeTarget "JokeMaster" */;
			buildPhases = (
				B0A32B371EE1292F0044D443 /* Sources */,
				B0A32B381EE1292F0044D443 /* Frameworks */,
				B0A32B391EE1292F0044D443 /* Resources */,
			);
			buildRules = (
			);
			dependencies = (
			);
			name = JokeMaster;
			productName = JokeMaster;
			productReference = B0A32B3B1EE1292F0044D443 /* JokeMaster.app */;
			productType = "com.apple.product-type.application";
		};
		B0A32B561EE129300044D443 /* JokeMasterTests */ = {
			isa = PBXNativeTarget;
			buildConfigurationList = B0A32B6E1EE129300044D443 /* Build configuration list for PBXNativeTarget "JokeMasterTests" */;
			buildPhases = (
				B0A32B531EE129300044D443 /* Sources */,
				B0A32B541EE129300044D443 /* Frameworks */,
				B0A32B551EE129300044D443 /* Resources */,
			);
			buildRules = (
			);
			dependencies = (
				B0A32B591EE129300044D443 /* PBXTargetDependency */,
			);
			name = JokeMasterTests;
			productName = JokeMasterTests;
			productReference = B0A32B571EE129300044D443 /* JokeMasterTests.xctest */;
			productType = "com.apple.product-type.bundle.unit-test";
		};
		B0A32B611EE129300044D443 /* JokeMasterUITests */ = {
			isa = PBXNativeTarget;
			buildConfigurationList = B0A32B711EE129300044D443 /* Build configuration list for PBXNativeTarget "JokeMasterUITests" */;
			buildPhases = (
				B0A32B5E1EE129300044D443 /* Sources */,
				B0A32B5F1EE129300044D443 /* Frameworks */,
				B0A32B601EE129300044D443 /* Resources */,
			);
			buildRules = (
			);
			dependencies = (
				B0A32B641EE129300044D443 /* PBXTargetDependency */,
			);
			name = JokeMasterUITests;
			productName = JokeMasterUITests;
			productReference = B0A32B621EE129300044D443 /* JokeMasterUITests.xctest */;
			productType = "com.apple.product-type.bundle.ui-testing";
		};
/* End PBXNativeTarget section */

/* Begin PBXProject section */
		B0A32B331EE1292F0044D443 /* Project object */ = {
			isa = PBXProject;
			attributes = {
				LastUpgradeCheck = 0810;
				ORGANIZATIONNAME = esolz;
				TargetAttributes = {
					B0A32B3A1EE1292F0044D443 = {
						CreatedOnToolsVersion = 8.1;
						DevelopmentTeam = K22GQFS8BW;
						ProvisioningStyle = Automatic;
					};
					B0A32B561EE129300044D443 = {
						CreatedOnToolsVersion = 8.1;
						DevelopmentTeam = K22GQFS8BW;
						ProvisioningStyle = Automatic;
						TestTargetID = B0A32B3A1EE1292F0044D443;
					};
					B0A32B611EE129300044D443 = {
						CreatedOnToolsVersion = 8.1;
						DevelopmentTeam = K22GQFS8BW;
						ProvisioningStyle = Automatic;
						TestTargetID = B0A32B3A1EE1292F0044D443;
					};
				};
			};
			buildConfigurationList = B0A32B361EE1292F0044D443 /* Build configuration list for PBXProject "JokeMaster" */;
			compatibilityVersion = "Xcode 3.2";
			developmentRegion = English;
			hasScannedForEncodings = 0;
			knownRegions = (
				en,
				Base,
			);
			mainGroup = B0A32B321EE1292F0044D443;
			productRefGroup = B0A32B3C1EE1292F0044D443 /* Products */;
			projectDirPath = "";
			projectRoot = "";
			targets = (
				B0A32B3A1EE1292F0044D443 /* JokeMaster */,
				B0A32B561EE129300044D443 /* JokeMasterTests */,
				B0A32B611EE129300044D443 /* JokeMasterUITests */,
			);
		};
/* End PBXProject section */

/* Begin PBXResourcesBuildPhase section */
		B0A32B391EE1292F0044D443 /* Resources */ = {
			isa = PBXResourcesBuildPhase;
			buildActionMask = 2147483647;
			files = (
				B0A32B8F1EE131680044D443 /* SVProgressHUD.bundle in Resources */,
				B0A32B761EE12DC20044D443 /* comicbd_1.ttf in Resources */,
				B07ABAE01EE590580011DD57 /* GoogleService-Info.plist in Resources */,
				B0A32B511EE129300044D443 /* LaunchScreen.storyboard in Resources */,
				B0A32B4E1EE129300044D443 /* Assets.xcassets in Resources */,
				B07ABAC11EE527050011DD57 /* Temp.storyboard in Resources */,
				B07ABAD61EE58E4E0011DD57 /* GoogleSignIn.bundle in Resources */,
				B0A32B491EE129300044D443 /* Main.storyboard in Resources */,
			);
			runOnlyForDeploymentPostprocessing = 0;
		};
		B0A32B551EE129300044D443 /* Resources */ = {
			isa = PBXResourcesBuildPhase;
			buildActionMask = 2147483647;
			files = (
			);
			runOnlyForDeploymentPostprocessing = 0;
		};
		B0A32B601EE129300044D443 /* Resources */ = {
			isa = PBXResourcesBuildPhase;
			buildActionMask = 2147483647;
			files = (
			);
			runOnlyForDeploymentPostprocessing = 0;
		};
/* End PBXResourcesBuildPhase section */

/* Begin PBXSourcesBuildPhase section */
		B0A32B371EE1292F0044D443 /* Sources */ = {
			isa = PBXSourcesBuildPhase;
			buildActionMask = 2147483647;
			files = (
				B0A32B801EE12F0C0044D443 /* JMSplashViewController.m in Sources */,
				B0A32B4C1EE129300044D443 /* JokeMaster.xcdatamodeld in Sources */,
				B0A32B431EE1292F0044D443 /* AppDelegate.m in Sources */,
				B07ABAC71EE540F90011DD57 /* JMLoginViewController.m in Sources */,
				B0A32B401EE1292F0044D443 /* main.m in Sources */,
				B0A32B901EE131680044D443 /* SVProgressHUD.m in Sources */,
				0C6F9E311EE14A7B005D31A0 /* JMChooseCountryViewController.m in Sources */,
				0CE2FB481EE190E50031C0E6 /* JMRegistrationViewController.m in Sources */,
				B0A32B8D1EE131680044D443 /* SVIndefiniteAnimatedView.m in Sources */,
				B0A32B7C1EE12E4E0044D443 /* JMGlobalMethods.m in Sources */,
				B0A32B8E1EE131680044D443 /* SVProgressAnimatedView.m in Sources */,
				0C6F9E361EE14E84005D31A0 /* CountryCell.m in Sources */,
				B0A32B911EE131680044D443 /* SVRadialGradientLayer.m in Sources */,
				B07ABAC41EE540B90011DD57 /* JMLanguageViewController.m in Sources */,
			);
			runOnlyForDeploymentPostprocessing = 0;
		};
		B0A32B531EE129300044D443 /* Sources */ = {
			isa = PBXSourcesBuildPhase;
			buildActionMask = 2147483647;
			files = (
				B0A32B5C1EE129300044D443 /* JokeMasterTests.m in Sources */,
			);
			runOnlyForDeploymentPostprocessing = 0;
		};
		B0A32B5E1EE129300044D443 /* Sources */ = {
			isa = PBXSourcesBuildPhase;
			buildActionMask = 2147483647;
			files = (
				B0A32B671EE129300044D443 /* JokeMasterUITests.m in Sources */,
			);
			runOnlyForDeploymentPostprocessing = 0;
		};
/* End PBXSourcesBuildPhase section */

/* Begin PBXTargetDependency section */
		B0A32B591EE129300044D443 /* PBXTargetDependency */ = {
			isa = PBXTargetDependency;
			target = B0A32B3A1EE1292F0044D443 /* JokeMaster */;
			targetProxy = B0A32B581EE129300044D443 /* PBXContainerItemProxy */;
		};
		B0A32B641EE129300044D443 /* PBXTargetDependency */ = {
			isa = PBXTargetDependency;
			target = B0A32B3A1EE1292F0044D443 /* JokeMaster */;
			targetProxy = B0A32B631EE129300044D443 /* PBXContainerItemProxy */;
		};
/* End PBXTargetDependency section */

/* Begin PBXVariantGroup section */
		B0A32B471EE129300044D443 /* Main.storyboard */ = {
			isa = PBXVariantGroup;
			children = (
				B0A32B481EE129300044D443 /* Base */,
			);
			name = Main.storyboard;
			sourceTree = "<group>";
		};
		B0A32B4F1EE129300044D443 /* LaunchScreen.storyboard */ = {
			isa = PBXVariantGroup;
			children = (
				B0A32B501EE129300044D443 /* Base */,
			);
			name = LaunchScreen.storyboard;
			sourceTree = "<group>";
		};
/* End PBXVariantGroup section */

/* Begin XCBuildConfiguration section */
		B0A32B691EE129300044D443 /* Debug */ = {
			isa = XCBuildConfiguration;
			buildSettings = {
				ALWAYS_SEARCH_USER_PATHS = NO;
				CLANG_ANALYZER_NONNULL = YES;
				CLANG_CXX_LANGUAGE_STANDARD = "gnu++0x";
				CLANG_CXX_LIBRARY = "libc++";
				CLANG_ENABLE_MODULES = YES;
				CLANG_ENABLE_OBJC_ARC = YES;
				CLANG_WARN_BOOL_CONVERSION = YES;
				CLANG_WARN_CONSTANT_CONVERSION = YES;
				CLANG_WARN_DIRECT_OBJC_ISA_USAGE = YES_ERROR;
				CLANG_WARN_DOCUMENTATION_COMMENTS = YES;
				CLANG_WARN_EMPTY_BODY = YES;
				CLANG_WARN_ENUM_CONVERSION = YES;
				CLANG_WARN_INFINITE_RECURSION = YES;
				CLANG_WARN_INT_CONVERSION = YES;
				CLANG_WARN_OBJC_ROOT_CLASS = YES_ERROR;
				CLANG_WARN_SUSPICIOUS_MOVES = YES;
				CLANG_WARN_UNREACHABLE_CODE = YES;
				CLANG_WARN__DUPLICATE_METHOD_MATCH = YES;
				CODE_SIGN_IDENTITY = "iPhone Developer";
				"CODE_SIGN_IDENTITY[sdk=iphoneos*]" = "iPhone Developer";
				COPY_PHASE_STRIP = NO;
				DEBUG_INFORMATION_FORMAT = dwarf;
				DEVELOPMENT_TEAM = K22GQFS8BW;
				ENABLE_STRICT_OBJC_MSGSEND = YES;
				ENABLE_TESTABILITY = YES;
				GCC_C_LANGUAGE_STANDARD = gnu99;
				GCC_DYNAMIC_NO_PIC = NO;
				GCC_NO_COMMON_BLOCKS = YES;
				GCC_OPTIMIZATION_LEVEL = 0;
				GCC_PREPROCESSOR_DEFINITIONS = (
					"DEBUG=1",
					"$(inherited)",
				);
				GCC_WARN_64_TO_32_BIT_CONVERSION = YES;
				GCC_WARN_ABOUT_RETURN_TYPE = YES_ERROR;
				GCC_WARN_UNDECLARED_SELECTOR = YES;
				GCC_WARN_UNINITIALIZED_AUTOS = YES_AGGRESSIVE;
				GCC_WARN_UNUSED_FUNCTION = YES;
				GCC_WARN_UNUSED_VARIABLE = YES;
				IPHONEOS_DEPLOYMENT_TARGET = 10.1;
				MTL_ENABLE_DEBUG_INFO = YES;
				ONLY_ACTIVE_ARCH = YES;
				SDKROOT = iphoneos;
				TARGETED_DEVICE_FAMILY = "1,2";
			};
			name = Debug;
		};
		B0A32B6A1EE129300044D443 /* Release */ = {
			isa = XCBuildConfiguration;
			buildSettings = {
				ALWAYS_SEARCH_USER_PATHS = NO;
				CLANG_ANALYZER_NONNULL = YES;
				CLANG_CXX_LANGUAGE_STANDARD = "gnu++0x";
				CLANG_CXX_LIBRARY = "libc++";
				CLANG_ENABLE_MODULES = YES;
				CLANG_ENABLE_OBJC_ARC = YES;
				CLANG_WARN_BOOL_CONVERSION = YES;
				CLANG_WARN_CONSTANT_CONVERSION = YES;
				CLANG_WARN_DIRECT_OBJC_ISA_USAGE = YES_ERROR;
				CLANG_WARN_DOCUMENTATION_COMMENTS = YES;
				CLANG_WARN_EMPTY_BODY = YES;
				CLANG_WARN_ENUM_CONVERSION = YES;
				CLANG_WARN_INFINITE_RECURSION = YES;
				CLANG_WARN_INT_CONVERSION = YES;
				CLANG_WARN_OBJC_ROOT_CLASS = YES_ERROR;
				CLANG_WARN_SUSPICIOUS_MOVES = YES;
				CLANG_WARN_UNREACHABLE_CODE = YES;
				CLANG_WARN__DUPLICATE_METHOD_MATCH = YES;
				CODE_SIGN_IDENTITY = "iPhone Developer";
				"CODE_SIGN_IDENTITY[sdk=iphoneos*]" = "iPhone Developer";
				COPY_PHASE_STRIP = NO;
				DEBUG_INFORMATION_FORMAT = "dwarf-with-dsym";
				DEVELOPMENT_TEAM = K22GQFS8BW;
				ENABLE_NS_ASSERTIONS = NO;
				ENABLE_STRICT_OBJC_MSGSEND = YES;
				GCC_C_LANGUAGE_STANDARD = gnu99;
				GCC_NO_COMMON_BLOCKS = YES;
				GCC_WARN_64_TO_32_BIT_CONVERSION = YES;
				GCC_WARN_ABOUT_RETURN_TYPE = YES_ERROR;
				GCC_WARN_UNDECLARED_SELECTOR = YES;
				GCC_WARN_UNINITIALIZED_AUTOS = YES_AGGRESSIVE;
				GCC_WARN_UNUSED_FUNCTION = YES;
				GCC_WARN_UNUSED_VARIABLE = YES;
				IPHONEOS_DEPLOYMENT_TARGET = 10.1;
				MTL_ENABLE_DEBUG_INFO = NO;
				SDKROOT = iphoneos;
				TARGETED_DEVICE_FAMILY = "1,2";
				VALIDATE_PRODUCT = YES;
			};
			name = Release;
		};
		B0A32B6C1EE129300044D443 /* Debug */ = {
			isa = XCBuildConfiguration;
			buildSettings = {
				ASSETCATALOG_COMPILER_APPICON_NAME = AppIcon;
				CODE_SIGN_IDENTITY = "iPhone Developer";
				"CODE_SIGN_IDENTITY[sdk=iphoneos*]" = "iPhone Developer";
				DEVELOPMENT_TEAM = K22GQFS8BW;
				FRAMEWORK_SEARCH_PATHS = (
					"$(inherited)",
					"$(PROJECT_DIR)/JokeMaster",
				);
				INFOPLIST_FILE = JokeMaster/Info.plist;
				LD_RUNPATH_SEARCH_PATHS = "$(inherited) @executable_path/Frameworks";
				OTHER_LDFLAGS = (
					"$(OTHER_LDFLAGS)",
					"-ObjC",
				);
				PRODUCT_BUNDLE_IDENTIFIER = com.esolz.JokeMaster;
				PRODUCT_NAME = "$(TARGET_NAME)";
			};
			name = Debug;
		};
		B0A32B6D1EE129300044D443 /* Release */ = {
			isa = XCBuildConfiguration;
			buildSettings = {
				ASSETCATALOG_COMPILER_APPICON_NAME = AppIcon;
				CODE_SIGN_IDENTITY = "iPhone Developer";
				"CODE_SIGN_IDENTITY[sdk=iphoneos*]" = "iPhone Developer";
				DEVELOPMENT_TEAM = K22GQFS8BW;
				FRAMEWORK_SEARCH_PATHS = (
					"$(inherited)",
					"$(PROJECT_DIR)/JokeMaster",
				);
				INFOPLIST_FILE = JokeMaster/Info.plist;
				LD_RUNPATH_SEARCH_PATHS = "$(inherited) @executable_path/Frameworks";
				OTHER_LDFLAGS = (
					"$(OTHER_LDFLAGS)",
					"-ObjC",
				);
				PRODUCT_BUNDLE_IDENTIFIER = com.esolz.JokeMaster;
				PRODUCT_NAME = "$(TARGET_NAME)";
			};
			name = Release;
		};
		B0A32B6F1EE129300044D443 /* Debug */ = {
			isa = XCBuildConfiguration;
			buildSettings = {
				BUNDLE_LOADER = "$(TEST_HOST)";
				DEVELOPMENT_TEAM = K22GQFS8BW;
				INFOPLIST_FILE = JokeMasterTests/Info.plist;
				LD_RUNPATH_SEARCH_PATHS = "$(inherited) @executable_path/Frameworks @loader_path/Frameworks";
				PRODUCT_BUNDLE_IDENTIFIER = com.esolz.JokeMasterTests;
				PRODUCT_NAME = "$(TARGET_NAME)";
				TEST_HOST = "$(BUILT_PRODUCTS_DIR)/JokeMaster.app/JokeMaster";
			};
			name = Debug;
		};
		B0A32B701EE129300044D443 /* Release */ = {
			isa = XCBuildConfiguration;
			buildSettings = {
				BUNDLE_LOADER = "$(TEST_HOST)";
				DEVELOPMENT_TEAM = K22GQFS8BW;
				INFOPLIST_FILE = JokeMasterTests/Info.plist;
				LD_RUNPATH_SEARCH_PATHS = "$(inherited) @executable_path/Frameworks @loader_path/Frameworks";
				PRODUCT_BUNDLE_IDENTIFIER = com.esolz.JokeMasterTests;
				PRODUCT_NAME = "$(TARGET_NAME)";
				TEST_HOST = "$(BUILT_PRODUCTS_DIR)/JokeMaster.app/JokeMaster";
			};
			name = Release;
		};
		B0A32B721EE129300044D443 /* Debug */ = {
			isa = XCBuildConfiguration;
			buildSettings = {
				DEVELOPMENT_TEAM = K22GQFS8BW;
				INFOPLIST_FILE = JokeMasterUITests/Info.plist;
				LD_RUNPATH_SEARCH_PATHS = "$(inherited) @executable_path/Frameworks @loader_path/Frameworks";
				PRODUCT_BUNDLE_IDENTIFIER = com.esolz.JokeMasterUITests;
				PRODUCT_NAME = "$(TARGET_NAME)";
				TEST_TARGET_NAME = JokeMaster;
			};
			name = Debug;
		};
		B0A32B731EE129300044D443 /* Release */ = {
			isa = XCBuildConfiguration;
			buildSettings = {
				DEVELOPMENT_TEAM = K22GQFS8BW;
				INFOPLIST_FILE = JokeMasterUITests/Info.plist;
				LD_RUNPATH_SEARCH_PATHS = "$(inherited) @executable_path/Frameworks @loader_path/Frameworks";
				PRODUCT_BUNDLE_IDENTIFIER = com.esolz.JokeMasterUITests;
				PRODUCT_NAME = "$(TARGET_NAME)";
				TEST_TARGET_NAME = JokeMaster;
			};
			name = Release;
		};
/* End XCBuildConfiguration section */

/* Begin XCConfigurationList section */
		B0A32B361EE1292F0044D443 /* Build configuration list for PBXProject "JokeMaster" */ = {
			isa = XCConfigurationList;
			buildConfigurations = (
				B0A32B691EE129300044D443 /* Debug */,
				B0A32B6A1EE129300044D443 /* Release */,
			);
			defaultConfigurationIsVisible = 0;
			defaultConfigurationName = Release;
		};
		B0A32B6B1EE129300044D443 /* Build configuration list for PBXNativeTarget "JokeMaster" */ = {
			isa = XCConfigurationList;
			buildConfigurations = (
				B0A32B6C1EE129300044D443 /* Debug */,
				B0A32B6D1EE129300044D443 /* Release */,
			);
			defaultConfigurationIsVisible = 0;
			defaultConfigurationName = Release;
		};
		B0A32B6E1EE129300044D443 /* Build configuration list for PBXNativeTarget "JokeMasterTests" */ = {
			isa = XCConfigurationList;
			buildConfigurations = (
				B0A32B6F1EE129300044D443 /* Debug */,
				B0A32B701EE129300044D443 /* Release */,
			);
			defaultConfigurationIsVisible = 0;
			defaultConfigurationName = Release;
		};
		B0A32B711EE129300044D443 /* Build configuration list for PBXNativeTarget "JokeMasterUITests" */ = {
			isa = XCConfigurationList;
			buildConfigurations = (
				B0A32B721EE129300044D443 /* Debug */,
				B0A32B731EE129300044D443 /* Release */,
			);
			defaultConfigurationIsVisible = 0;
			defaultConfigurationName = Release;
		};
/* End XCConfigurationList section */

/* Begin XCVersionGroup section */
		B0A32B4A1EE129300044D443 /* JokeMaster.xcdatamodeld */ = {
			isa = XCVersionGroup;
			children = (
				B0A32B4B1EE129300044D443 /* JokeMaster.xcdatamodel */,
			);
			currentVersion = B0A32B4B1EE129300044D443 /* JokeMaster.xcdatamodel */;
			path = JokeMaster.xcdatamodeld;
			sourceTree = "<group>";
			versionGroupType = wrapper.xcdatamodel;
		};
/* End XCVersionGroup section */
	};
	rootObject = B0A32B331EE1292F0044D443 /* Project object */;
}
